
Microsoft Visual Studio Solution File, Format Version 12.00
# Visual Studio 2012
Project("{FAE04EC0-301F-11D3-BF4B-00C04F79EFBC}") = "Test", "Test\Test.csproj", "{4E0E64C4-89AA-4642-880A-FA9F02F19C33}"
EndProject
Project("{FAE04EC0-301F-11D3-BF4B-00C04F79EFBC}") = "CleanStart", "CleanStart\CleanStart.csproj", "{8D3D580B-6EB4-4D67-9C99-5B4D7DCDF111}"
EndProject
Global
	GlobalSection(SolutionConfigurationPlatforms) = preSolution
		Debug|Any CPU = Debug|Any CPU
		Release|Any CPU = Release|Any CPU
	EndGlobalSection
	GlobalSection(ProjectConfigurationPlatforms) = postSolution
		{4E0E64C4-89AA-4642-880A-FA9F02F19C33}.Debug|Any CPU.ActiveCfg = Debug|Any CPU
		{4E0E64C4-89AA-4642-880A-FA9F02F19C33}.Debug|Any CPU.Build.0 = Debug|Any CPU
		{4E0E64C4-89AA-4642-880A-FA9F02F19C33}.Release|Any CPU.ActiveCfg = Release|Any CPU
		{4E0E64C4-89AA-4642-880A-FA9F02F19C33}.Release|Any CPU.Build.0 = Release|Any CPU
		{8D3D580B-6EB4-4D67-9C99-5B4D7DCDF111}.Debug|Any CPU.ActiveCfg = Debug|Any CPU
		{8D3D580B-6EB4-4D67-9C99-5B4D7DCDF111}.Debug|Any CPU.Build.0 = Debug|Any CPU
		{8D3D580B-6EB4-4D67-9C99-5B4D7DCDF111}.Release|Any CPU.ActiveCfg = Release|Any CPU
		{8D3D580B-6EB4-4D67-9C99-5B4D7DCDF111}.Release|Any CPU.Build.0 = Release|Any CPU
	EndGlobalSection
	GlobalSection(SolutionProperties) = preSolution
		HideSolutionNode = FALSE
	EndGlobalSection
EndGlobal
