
Microsoft Visual Studio Solution File, Format Version 12.00
# Visual Studio 2012
Project("{2150E333-8FDC-42A3-9474-1A3956D46DE8}") = "Solution Items", "Solution Items", "{6B2BD5CD-101A-4A61-8BAF-E46FCC722DE5}"
	ProjectSection(SolutionItems) = preProject
		students.xml = students.xml
		StudentsNS.xml = StudentsNS.xml
		studentsShema.xsd = studentsShema.xsd
		studentsStyle.xslt = studentsStyle.xslt
	EndProjectSection
EndProject
Global
	GlobalSection(SolutionProperties) = preSolution
		HideSolutionNode = FALSE
	EndGlobalSection
EndGlobal
