
Microsoft Visual Studio Solution File, Format Version 12.00
# Visual Studio 2012
Project("{FAE04EC0-301F-11D3-BF4B-00C04F79EFBC}") = "01. StudentOverride", "01. StudentOverride\01. StudentOverride.csproj", "{438D62EB-1C25-4762-A556-357F2894A8E7}"
EndProject
Project("{FAE04EC0-301F-11D3-BF4B-00C04F79EFBC}") = "02. Person", "02. Person\02. Person.csproj", "{264ADDE8-6FFF-42DD-B422-EEB70AC2B033}"
EndProject
Project("{FAE04EC0-301F-11D3-BF4B-00C04F79EFBC}") = "03. BitArray", "03. BitArray\03. BitArray.csproj", "{FC05A58C-F933-4D64-A1ED-A8C88B22179A}"
EndProject
Global
	GlobalSection(SolutionConfigurationPlatforms) = preSolution
		Debug|Any CPU = Debug|Any CPU
		Release|Any CPU = Release|Any CPU
	EndGlobalSection
	GlobalSection(ProjectConfigurationPlatforms) = postSolution
		{438D62EB-1C25-4762-A556-357F2894A8E7}.Debug|Any CPU.ActiveCfg = Debug|Any CPU
		{438D62EB-1C25-4762-A556-357F2894A8E7}.Debug|Any CPU.Build.0 = Debug|Any CPU
		{438D62EB-1C25-4762-A556-357F2894A8E7}.Release|Any CPU.ActiveCfg = Release|Any CPU
		{438D62EB-1C25-4762-A556-357F2894A8E7}.Release|Any CPU.Build.0 = Release|Any CPU
		{264ADDE8-6FFF-42DD-B422-EEB70AC2B033}.Debug|Any CPU.ActiveCfg = Debug|Any CPU
		{264ADDE8-6FFF-42DD-B422-EEB70AC2B033}.Debug|Any CPU.Build.0 = Debug|Any CPU
		{264ADDE8-6FFF-42DD-B422-EEB70AC2B033}.Release|Any CPU.ActiveCfg = Release|Any CPU
		{264ADDE8-6FFF-42DD-B422-EEB70AC2B033}.Release|Any CPU.Build.0 = Release|Any CPU
		{FC05A58C-F933-4D64-A1ED-A8C88B22179A}.Debug|Any CPU.ActiveCfg = Debug|Any CPU
		{FC05A58C-F933-4D64-A1ED-A8C88B22179A}.Debug|Any CPU.Build.0 = Debug|Any CPU
		{FC05A58C-F933-4D64-A1ED-A8C88B22179A}.Release|Any CPU.ActiveCfg = Release|Any CPU
		{FC05A58C-F933-4D64-A1ED-A8C88B22179A}.Release|Any CPU.Build.0 = Release|Any CPU
	EndGlobalSection
	GlobalSection(SolutionProperties) = preSolution
		HideSolutionNode = FALSE
	EndGlobalSection
EndGlobal
