
Microsoft Visual Studio Solution File, Format Version 12.00
# Visual Studio 2013
VisualStudioVersion = 12.0.30501.0
MinimumVisualStudioVersion = 10.0.40219.1
Project("{FAE04EC0-301F-11D3-BF4B-00C04F79EFBC}") = "01. ProblemOne", "01. ProblemOne\01. ProblemOne.csproj", "{438D62EB-1C25-4762-A556-357F2894A8E7}"
EndProject
Project("{FAE04EC0-301F-11D3-BF4B-00C04F79EFBC}") = "02. ProblemTwo", "02. ProblemTwo\02. ProblemTwo.csproj", "{51A9341E-F061-49FA-86D6-CD3E3F1C106A}"
EndProject
Project("{FAE04EC0-301F-11D3-BF4B-00C04F79EFBC}") = "03. ProblemThree", "03. ProblemThree\03. ProblemThree.csproj", "{BF403735-AA51-4833-976D-6530CAAF3BA8}"
EndProject
Project("{FAE04EC0-301F-11D3-BF4B-00C04F79EFBC}") = "04. ProblemFour", "04. ProblemFour\04. ProblemFour.csproj", "{DBA9B856-DC67-472D-AB56-EEF55F563D22}"
EndProject
Project("{FAE04EC0-301F-11D3-BF4B-00C04F79EFBC}") = "05. ProblemFive", "05. ProblemFive\05. ProblemFive.csproj", "{52D77981-0559-4495-B5BA-6FF977D9D2DD}"
EndProject
Global
	GlobalSection(SolutionConfigurationPlatforms) = preSolution
		Debug|Any CPU = Debug|Any CPU
		Release|Any CPU = Release|Any CPU
	EndGlobalSection
	GlobalSection(ProjectConfigurationPlatforms) = postSolution
		{438D62EB-1C25-4762-A556-357F2894A8E7}.Debug|Any CPU.ActiveCfg = Debug|Any CPU
		{438D62EB-1C25-4762-A556-357F2894A8E7}.Debug|Any CPU.Build.0 = Debug|Any CPU
		{438D62EB-1C25-4762-A556-357F2894A8E7}.Release|Any CPU.ActiveCfg = Release|Any CPU
		{438D62EB-1C25-4762-A556-357F2894A8E7}.Release|Any CPU.Build.0 = Release|Any CPU
		{51A9341E-F061-49FA-86D6-CD3E3F1C106A}.Debug|Any CPU.ActiveCfg = Debug|Any CPU
		{51A9341E-F061-49FA-86D6-CD3E3F1C106A}.Debug|Any CPU.Build.0 = Debug|Any CPU
		{51A9341E-F061-49FA-86D6-CD3E3F1C106A}.Release|Any CPU.ActiveCfg = Release|Any CPU
		{51A9341E-F061-49FA-86D6-CD3E3F1C106A}.Release|Any CPU.Build.0 = Release|Any CPU
		{BF403735-AA51-4833-976D-6530CAAF3BA8}.Debug|Any CPU.ActiveCfg = Debug|Any CPU
		{BF403735-AA51-4833-976D-6530CAAF3BA8}.Debug|Any CPU.Build.0 = Debug|Any CPU
		{BF403735-AA51-4833-976D-6530CAAF3BA8}.Release|Any CPU.ActiveCfg = Release|Any CPU
		{BF403735-AA51-4833-976D-6530CAAF3BA8}.Release|Any CPU.Build.0 = Release|Any CPU
		{DBA9B856-DC67-472D-AB56-EEF55F563D22}.Debug|Any CPU.ActiveCfg = Debug|Any CPU
		{DBA9B856-DC67-472D-AB56-EEF55F563D22}.Debug|Any CPU.Build.0 = Debug|Any CPU
		{DBA9B856-DC67-472D-AB56-EEF55F563D22}.Release|Any CPU.ActiveCfg = Release|Any CPU
		{DBA9B856-DC67-472D-AB56-EEF55F563D22}.Release|Any CPU.Build.0 = Release|Any CPU
		{52D77981-0559-4495-B5BA-6FF977D9D2DD}.Debug|Any CPU.ActiveCfg = Debug|Any CPU
		{52D77981-0559-4495-B5BA-6FF977D9D2DD}.Debug|Any CPU.Build.0 = Debug|Any CPU
		{52D77981-0559-4495-B5BA-6FF977D9D2DD}.Release|Any CPU.ActiveCfg = Release|Any CPU
		{52D77981-0559-4495-B5BA-6FF977D9D2DD}.Release|Any CPU.Build.0 = Release|Any CPU
	EndGlobalSection
	GlobalSection(SolutionProperties) = preSolution
		HideSolutionNode = FALSE
	EndGlobalSection
EndGlobal
