
Microsoft Visual Studio Solution File, Format Version 12.00
# Visual Studio 2013
VisualStudioVersion = 12.0.30501.0
MinimumVisualStudioVersion = 10.0.40219.1
Project("{FAE04EC0-301F-11D3-BF4B-00C04F79EFBC}") = "01. SimpleDeclaration", "01. SimpleDeclaration\01. SimpleDeclaration.csproj", "{65E2F7FD-D1A0-40A9-BA8D-435914341CBC}"
EndProject
Project("{FAE04EC0-301F-11D3-BF4B-00C04F79EFBC}") = "02. DoublesAndFloats", "02. DoublesAndFloats\02. DoublesAndFloats.csproj", "{5A87EFB6-9AB4-4F44-9F89-0A25896CDEFC}"
EndProject
Project("{FAE04EC0-301F-11D3-BF4B-00C04F79EFBC}") = "03. FloatPointComparison", "03. FloatPointComparison\03. FloatPointComparison.csproj", "{EE0939CA-8D19-4E67-A850-1516AA421BD8}"
EndProject
Project("{FAE04EC0-301F-11D3-BF4B-00C04F79EFBC}") = "04. HexValue", "04. HexValue\04. HexValue.csproj", "{21594CFF-2FD2-416A-BB2B-12E438773164}"
EndProject
Project("{FAE04EC0-301F-11D3-BF4B-00C04F79EFBC}") = "05. UniCodeSimbyl", "05. UniCodeSimbyl\05. UniCodeSimbyl.csproj", "{8FB88FFD-E9C3-4ABF-8C5F-AF1841112211}"
EndProject
Project("{FAE04EC0-301F-11D3-BF4B-00C04F79EFBC}") = "06. Gender", "06. Gender\06. Gender.csproj", "{1531148C-999C-4FEC-90BF-28B6090DF037}"
EndProject
Project("{FAE04EC0-301F-11D3-BF4B-00C04F79EFBC}") = "07. ConcatenationAndCasting", "07. ConcatenationAndCasting\07. ConcatenationAndCasting.csproj", "{0BB8AEFF-FC84-4567-8C29-F39FB0C2BDB0}"
EndProject
Project("{FAE04EC0-301F-11D3-BF4B-00C04F79EFBC}") = "08. QuoteProblems", "08. QuoteProblems\08. QuoteProblems.csproj", "{49D78E02-5BEC-41A9-A17E-6C72C5F0E2F3}"
EndProject
Project("{FAE04EC0-301F-11D3-BF4B-00C04F79EFBC}") = "09. CopyRight", "09. CopyRight\09. CopyRight.csproj", "{8C4646B0-7747-4775-9105-C2684E5A77C1}"
EndProject
Project("{FAE04EC0-301F-11D3-BF4B-00C04F79EFBC}") = "10. MarketingFirmInfo", "10. MarketingFirmInfo\10. MarketingFirmInfo.csproj", "{74D8F1C1-3BC1-47E9-9EB5-C0ACEB453BA2}"
EndProject
Project("{FAE04EC0-301F-11D3-BF4B-00C04F79EFBC}") = "11. ChangeingValues", "11. ChangeingValues\11. ChangeingValues.csproj", "{0FC2E427-F614-44E0-9016-F8459B5F19B6}"
EndProject
Project("{FAE04EC0-301F-11D3-BF4B-00C04F79EFBC}") = "13. NullValues", "13. NullValues\13. NullValues.csproj", "{E8FD14AE-5F5B-43D6-BD25-86B96CDAAE88}"
EndProject
Project("{FAE04EC0-301F-11D3-BF4B-00C04F79EFBC}") = "14. BankAcount", "14. BankAcount\14. BankAcount.csproj", "{D284F1DB-96C2-4FE3-865F-84168DC4B1FF}"
EndProject
Project("{FAE04EC0-301F-11D3-BF4B-00C04F79EFBC}") = "12. ASCIIsymbols", "12. ASCIIsymbols\12. ASCIIsymbols.csproj", "{23616201-6E0E-44E1-9623-DF6369F86CE4}"
EndProject
Global
	GlobalSection(SolutionConfigurationPlatforms) = preSolution
		Debug|Any CPU = Debug|Any CPU
		Release|Any CPU = Release|Any CPU
	EndGlobalSection
	GlobalSection(ProjectConfigurationPlatforms) = postSolution
		{65E2F7FD-D1A0-40A9-BA8D-435914341CBC}.Debug|Any CPU.ActiveCfg = Debug|Any CPU
		{65E2F7FD-D1A0-40A9-BA8D-435914341CBC}.Debug|Any CPU.Build.0 = Debug|Any CPU
		{65E2F7FD-D1A0-40A9-BA8D-435914341CBC}.Release|Any CPU.ActiveCfg = Release|Any CPU
		{65E2F7FD-D1A0-40A9-BA8D-435914341CBC}.Release|Any CPU.Build.0 = Release|Any CPU
		{5A87EFB6-9AB4-4F44-9F89-0A25896CDEFC}.Debug|Any CPU.ActiveCfg = Debug|Any CPU
		{5A87EFB6-9AB4-4F44-9F89-0A25896CDEFC}.Debug|Any CPU.Build.0 = Debug|Any CPU
		{5A87EFB6-9AB4-4F44-9F89-0A25896CDEFC}.Release|Any CPU.ActiveCfg = Release|Any CPU
		{5A87EFB6-9AB4-4F44-9F89-0A25896CDEFC}.Release|Any CPU.Build.0 = Release|Any CPU
		{EE0939CA-8D19-4E67-A850-1516AA421BD8}.Debug|Any CPU.ActiveCfg = Debug|Any CPU
		{EE0939CA-8D19-4E67-A850-1516AA421BD8}.Debug|Any CPU.Build.0 = Debug|Any CPU
		{EE0939CA-8D19-4E67-A850-1516AA421BD8}.Release|Any CPU.ActiveCfg = Release|Any CPU
		{EE0939CA-8D19-4E67-A850-1516AA421BD8}.Release|Any CPU.Build.0 = Release|Any CPU
		{21594CFF-2FD2-416A-BB2B-12E438773164}.Debug|Any CPU.ActiveCfg = Debug|Any CPU
		{21594CFF-2FD2-416A-BB2B-12E438773164}.Debug|Any CPU.Build.0 = Debug|Any CPU
		{21594CFF-2FD2-416A-BB2B-12E438773164}.Release|Any CPU.ActiveCfg = Release|Any CPU
		{21594CFF-2FD2-416A-BB2B-12E438773164}.Release|Any CPU.Build.0 = Release|Any CPU
		{8FB88FFD-E9C3-4ABF-8C5F-AF1841112211}.Debug|Any CPU.ActiveCfg = Debug|Any CPU
		{8FB88FFD-E9C3-4ABF-8C5F-AF1841112211}.Debug|Any CPU.Build.0 = Debug|Any CPU
		{8FB88FFD-E9C3-4ABF-8C5F-AF1841112211}.Release|Any CPU.ActiveCfg = Release|Any CPU
		{8FB88FFD-E9C3-4ABF-8C5F-AF1841112211}.Release|Any CPU.Build.0 = Release|Any CPU
		{1531148C-999C-4FEC-90BF-28B6090DF037}.Debug|Any CPU.ActiveCfg = Debug|Any CPU
		{1531148C-999C-4FEC-90BF-28B6090DF037}.Debug|Any CPU.Build.0 = Debug|Any CPU
		{1531148C-999C-4FEC-90BF-28B6090DF037}.Release|Any CPU.ActiveCfg = Release|Any CPU
		{1531148C-999C-4FEC-90BF-28B6090DF037}.Release|Any CPU.Build.0 = Release|Any CPU
		{0BB8AEFF-FC84-4567-8C29-F39FB0C2BDB0}.Debug|Any CPU.ActiveCfg = Debug|Any CPU
		{0BB8AEFF-FC84-4567-8C29-F39FB0C2BDB0}.Debug|Any CPU.Build.0 = Debug|Any CPU
		{0BB8AEFF-FC84-4567-8C29-F39FB0C2BDB0}.Release|Any CPU.ActiveCfg = Release|Any CPU
		{0BB8AEFF-FC84-4567-8C29-F39FB0C2BDB0}.Release|Any CPU.Build.0 = Release|Any CPU
		{49D78E02-5BEC-41A9-A17E-6C72C5F0E2F3}.Debug|Any CPU.ActiveCfg = Debug|Any CPU
		{49D78E02-5BEC-41A9-A17E-6C72C5F0E2F3}.Debug|Any CPU.Build.0 = Debug|Any CPU
		{49D78E02-5BEC-41A9-A17E-6C72C5F0E2F3}.Release|Any CPU.ActiveCfg = Release|Any CPU
		{49D78E02-5BEC-41A9-A17E-6C72C5F0E2F3}.Release|Any CPU.Build.0 = Release|Any CPU
		{8C4646B0-7747-4775-9105-C2684E5A77C1}.Debug|Any CPU.ActiveCfg = Debug|Any CPU
		{8C4646B0-7747-4775-9105-C2684E5A77C1}.Debug|Any CPU.Build.0 = Debug|Any CPU
		{8C4646B0-7747-4775-9105-C2684E5A77C1}.Release|Any CPU.ActiveCfg = Release|Any CPU
		{8C4646B0-7747-4775-9105-C2684E5A77C1}.Release|Any CPU.Build.0 = Release|Any CPU
		{74D8F1C1-3BC1-47E9-9EB5-C0ACEB453BA2}.Debug|Any CPU.ActiveCfg = Debug|Any CPU
		{74D8F1C1-3BC1-47E9-9EB5-C0ACEB453BA2}.Debug|Any CPU.Build.0 = Debug|Any CPU
		{74D8F1C1-3BC1-47E9-9EB5-C0ACEB453BA2}.Release|Any CPU.ActiveCfg = Release|Any CPU
		{74D8F1C1-3BC1-47E9-9EB5-C0ACEB453BA2}.Release|Any CPU.Build.0 = Release|Any CPU
		{0FC2E427-F614-44E0-9016-F8459B5F19B6}.Debug|Any CPU.ActiveCfg = Debug|Any CPU
		{0FC2E427-F614-44E0-9016-F8459B5F19B6}.Debug|Any CPU.Build.0 = Debug|Any CPU
		{0FC2E427-F614-44E0-9016-F8459B5F19B6}.Release|Any CPU.ActiveCfg = Release|Any CPU
		{0FC2E427-F614-44E0-9016-F8459B5F19B6}.Release|Any CPU.Build.0 = Release|Any CPU
		{E8FD14AE-5F5B-43D6-BD25-86B96CDAAE88}.Debug|Any CPU.ActiveCfg = Debug|Any CPU
		{E8FD14AE-5F5B-43D6-BD25-86B96CDAAE88}.Debug|Any CPU.Build.0 = Debug|Any CPU
		{E8FD14AE-5F5B-43D6-BD25-86B96CDAAE88}.Release|Any CPU.ActiveCfg = Release|Any CPU
		{E8FD14AE-5F5B-43D6-BD25-86B96CDAAE88}.Release|Any CPU.Build.0 = Release|Any CPU
		{D284F1DB-96C2-4FE3-865F-84168DC4B1FF}.Debug|Any CPU.ActiveCfg = Debug|Any CPU
		{D284F1DB-96C2-4FE3-865F-84168DC4B1FF}.Debug|Any CPU.Build.0 = Debug|Any CPU
		{D284F1DB-96C2-4FE3-865F-84168DC4B1FF}.Release|Any CPU.ActiveCfg = Release|Any CPU
		{D284F1DB-96C2-4FE3-865F-84168DC4B1FF}.Release|Any CPU.Build.0 = Release|Any CPU
		{23616201-6E0E-44E1-9623-DF6369F86CE4}.Debug|Any CPU.ActiveCfg = Debug|Any CPU
		{23616201-6E0E-44E1-9623-DF6369F86CE4}.Debug|Any CPU.Build.0 = Debug|Any CPU
		{23616201-6E0E-44E1-9623-DF6369F86CE4}.Release|Any CPU.ActiveCfg = Release|Any CPU
		{23616201-6E0E-44E1-9623-DF6369F86CE4}.Release|Any CPU.Build.0 = Release|Any CPU
	EndGlobalSection
	GlobalSection(SolutionProperties) = preSolution
		HideSolutionNode = FALSE
	EndGlobalSection
EndGlobal
