
Microsoft Visual Studio Solution File, Format Version 12.00
# Visual Studio 2012
Project("{FAE04EC0-301F-11D3-BF4B-00C04F79EFBC}") = "02. ArtistFinder", "02. ArtistFinder\02. ArtistFinder.csproj", "{75897C82-7A85-4C79-939B-869EBB2DC9D9}"
EndProject
Project("{FAE04EC0-301F-11D3-BF4B-00C04F79EFBC}") = "03. ArtistFinderXPath", "03. ArtistFinderXPath\03. ArtistFinderXPath.csproj", "{BA2591A5-836D-4316-8ECF-69291A9A2DA5}"
EndProject
Project("{FAE04EC0-301F-11D3-BF4B-00C04F79EFBC}") = "04. DeleteFromCatalog", "04. DeleteFromCatalog\04. DeleteFromCatalog.csproj", "{00A3245F-1B46-44BC-AAD0-819BA232A93F}"
EndProject
Project("{FAE04EC0-301F-11D3-BF4B-00C04F79EFBC}") = "05. SongsExtract", "05. SongsExtract\05. SongsExtract.csproj", "{55EBB692-0594-4EF6-83D5-D0A0EFF4EEE4}"
EndProject
Project("{FAE04EC0-301F-11D3-BF4B-00C04F79EFBC}") = "06. LinqToXML", "06. LinqToXML\06. LinqToXML.csproj", "{D67D14F9-688A-47C8-96BF-4B45FB272D9D}"
EndProject
Project("{FAE04EC0-301F-11D3-BF4B-00C04F79EFBC}") = "07. XmlFromTextConvert", "07. XmlToTextConvert\07. XmlFromTextConvert.csproj", "{A7413D88-52D1-4E4A-AA78-5BE35DF08825}"
EndProject
Project("{FAE04EC0-301F-11D3-BF4B-00C04F79EFBC}") = "08. AlbumWrite", "08. AlbumWrite\08. AlbumWrite.csproj", "{9705943E-2CBD-4FF9-AA60-5E3DD79CFA30}"
EndProject
Project("{FAE04EC0-301F-11D3-BF4B-00C04F79EFBC}") = "09. DirectoryStructureToXML", "09. DirectoryStructureToXML\09. DirectoryStructureToXML.csproj", "{4877851A-3DFA-491E-ADBF-830B1D3B44CC}"
EndProject
Project("{FAE04EC0-301F-11D3-BF4B-00C04F79EFBC}") = "11. XParhPriceTaker", "11. XParhPriceTaker\11. XParhPriceTaker.csproj", "{896A826E-C54B-4DFB-B54D-2079BD3B6E9C}"
EndProject
Project("{FAE04EC0-301F-11D3-BF4B-00C04F79EFBC}") = "12. LinqPriceTaker", "12. LinqPriceTaker\12. LinqPriceTaker.csproj", "{6E866B32-FE30-40C5-AF00-FECE857EAF88}"
EndProject
Project("{FAE04EC0-301F-11D3-BF4B-00C04F79EFBC}") = "13. StylesheetView", "13. StylesheetView\13. StylesheetView.csproj", "{A0A38907-CF17-4020-9E1C-0D3589F019D9}"
EndProject
Project("{FAE04EC0-301F-11D3-BF4B-00C04F79EFBC}") = "14. XSLTTransform", "14. XSLTTransform\14. XSLTTransform.csproj", "{F96A3435-3618-488F-B250-794FEB104363}"
EndProject
Global
	GlobalSection(SolutionConfigurationPlatforms) = preSolution
		Debug|Any CPU = Debug|Any CPU
		Release|Any CPU = Release|Any CPU
	EndGlobalSection
	GlobalSection(ProjectConfigurationPlatforms) = postSolution
		{75897C82-7A85-4C79-939B-869EBB2DC9D9}.Debug|Any CPU.ActiveCfg = Debug|Any CPU
		{75897C82-7A85-4C79-939B-869EBB2DC9D9}.Debug|Any CPU.Build.0 = Debug|Any CPU
		{75897C82-7A85-4C79-939B-869EBB2DC9D9}.Release|Any CPU.ActiveCfg = Release|Any CPU
		{75897C82-7A85-4C79-939B-869EBB2DC9D9}.Release|Any CPU.Build.0 = Release|Any CPU
		{BA2591A5-836D-4316-8ECF-69291A9A2DA5}.Debug|Any CPU.ActiveCfg = Debug|Any CPU
		{BA2591A5-836D-4316-8ECF-69291A9A2DA5}.Debug|Any CPU.Build.0 = Debug|Any CPU
		{BA2591A5-836D-4316-8ECF-69291A9A2DA5}.Release|Any CPU.ActiveCfg = Release|Any CPU
		{BA2591A5-836D-4316-8ECF-69291A9A2DA5}.Release|Any CPU.Build.0 = Release|Any CPU
		{00A3245F-1B46-44BC-AAD0-819BA232A93F}.Debug|Any CPU.ActiveCfg = Debug|Any CPU
		{00A3245F-1B46-44BC-AAD0-819BA232A93F}.Debug|Any CPU.Build.0 = Debug|Any CPU
		{00A3245F-1B46-44BC-AAD0-819BA232A93F}.Release|Any CPU.ActiveCfg = Release|Any CPU
		{00A3245F-1B46-44BC-AAD0-819BA232A93F}.Release|Any CPU.Build.0 = Release|Any CPU
		{55EBB692-0594-4EF6-83D5-D0A0EFF4EEE4}.Debug|Any CPU.ActiveCfg = Debug|Any CPU
		{55EBB692-0594-4EF6-83D5-D0A0EFF4EEE4}.Debug|Any CPU.Build.0 = Debug|Any CPU
		{55EBB692-0594-4EF6-83D5-D0A0EFF4EEE4}.Release|Any CPU.ActiveCfg = Release|Any CPU
		{55EBB692-0594-4EF6-83D5-D0A0EFF4EEE4}.Release|Any CPU.Build.0 = Release|Any CPU
		{D67D14F9-688A-47C8-96BF-4B45FB272D9D}.Debug|Any CPU.ActiveCfg = Debug|Any CPU
		{D67D14F9-688A-47C8-96BF-4B45FB272D9D}.Debug|Any CPU.Build.0 = Debug|Any CPU
		{D67D14F9-688A-47C8-96BF-4B45FB272D9D}.Release|Any CPU.ActiveCfg = Release|Any CPU
		{D67D14F9-688A-47C8-96BF-4B45FB272D9D}.Release|Any CPU.Build.0 = Release|Any CPU
		{A7413D88-52D1-4E4A-AA78-5BE35DF08825}.Debug|Any CPU.ActiveCfg = Debug|Any CPU
		{A7413D88-52D1-4E4A-AA78-5BE35DF08825}.Debug|Any CPU.Build.0 = Debug|Any CPU
		{A7413D88-52D1-4E4A-AA78-5BE35DF08825}.Release|Any CPU.ActiveCfg = Release|Any CPU
		{A7413D88-52D1-4E4A-AA78-5BE35DF08825}.Release|Any CPU.Build.0 = Release|Any CPU
		{9705943E-2CBD-4FF9-AA60-5E3DD79CFA30}.Debug|Any CPU.ActiveCfg = Debug|Any CPU
		{9705943E-2CBD-4FF9-AA60-5E3DD79CFA30}.Debug|Any CPU.Build.0 = Debug|Any CPU
		{9705943E-2CBD-4FF9-AA60-5E3DD79CFA30}.Release|Any CPU.ActiveCfg = Release|Any CPU
		{9705943E-2CBD-4FF9-AA60-5E3DD79CFA30}.Release|Any CPU.Build.0 = Release|Any CPU
		{4877851A-3DFA-491E-ADBF-830B1D3B44CC}.Debug|Any CPU.ActiveCfg = Debug|Any CPU
		{4877851A-3DFA-491E-ADBF-830B1D3B44CC}.Debug|Any CPU.Build.0 = Debug|Any CPU
		{4877851A-3DFA-491E-ADBF-830B1D3B44CC}.Release|Any CPU.ActiveCfg = Release|Any CPU
		{4877851A-3DFA-491E-ADBF-830B1D3B44CC}.Release|Any CPU.Build.0 = Release|Any CPU
		{896A826E-C54B-4DFB-B54D-2079BD3B6E9C}.Debug|Any CPU.ActiveCfg = Debug|Any CPU
		{896A826E-C54B-4DFB-B54D-2079BD3B6E9C}.Debug|Any CPU.Build.0 = Debug|Any CPU
		{896A826E-C54B-4DFB-B54D-2079BD3B6E9C}.Release|Any CPU.ActiveCfg = Release|Any CPU
		{896A826E-C54B-4DFB-B54D-2079BD3B6E9C}.Release|Any CPU.Build.0 = Release|Any CPU
		{6E866B32-FE30-40C5-AF00-FECE857EAF88}.Debug|Any CPU.ActiveCfg = Debug|Any CPU
		{6E866B32-FE30-40C5-AF00-FECE857EAF88}.Debug|Any CPU.Build.0 = Debug|Any CPU
		{6E866B32-FE30-40C5-AF00-FECE857EAF88}.Release|Any CPU.ActiveCfg = Release|Any CPU
		{6E866B32-FE30-40C5-AF00-FECE857EAF88}.Release|Any CPU.Build.0 = Release|Any CPU
		{A0A38907-CF17-4020-9E1C-0D3589F019D9}.Debug|Any CPU.ActiveCfg = Debug|Any CPU
		{A0A38907-CF17-4020-9E1C-0D3589F019D9}.Debug|Any CPU.Build.0 = Debug|Any CPU
		{A0A38907-CF17-4020-9E1C-0D3589F019D9}.Release|Any CPU.ActiveCfg = Release|Any CPU
		{A0A38907-CF17-4020-9E1C-0D3589F019D9}.Release|Any CPU.Build.0 = Release|Any CPU
		{F96A3435-3618-488F-B250-794FEB104363}.Debug|Any CPU.ActiveCfg = Debug|Any CPU
		{F96A3435-3618-488F-B250-794FEB104363}.Debug|Any CPU.Build.0 = Debug|Any CPU
		{F96A3435-3618-488F-B250-794FEB104363}.Release|Any CPU.ActiveCfg = Release|Any CPU
		{F96A3435-3618-488F-B250-794FEB104363}.Release|Any CPU.Build.0 = Release|Any CPU
	EndGlobalSection
	GlobalSection(SolutionProperties) = preSolution
		HideSolutionNode = FALSE
	EndGlobalSection
EndGlobal
