
Microsoft Visual Studio Solution File, Format Version 12.00
# Visual Studio 2012
Project("{FAE04EC0-301F-11D3-BF4B-00C04F79EFBC}") = "01. FigureRotator", "01. FigureRotator\01. FigureRotator.csproj", "{438D62EB-1C25-4762-A556-357F2894A8E7}"
EndProject
Project("{FAE04EC0-301F-11D3-BF4B-00C04F79EFBC}") = "02. StatisticsPrinter", "02. StatisticsPrinter\02. StatisticsPrinter.csproj", "{1E5C1369-09FA-4F9D-9DB3-A5DF54A5030C}"
EndProject
Project("{FAE04EC0-301F-11D3-BF4B-00C04F79EFBC}") = "02. StatisticsProcessorTesting", "02. StatisticsProcessorTesting\02. StatisticsProcessorTesting.csproj", "{226E1E12-1FA2-4EB7-90B9-0FFE6052B156}"
EndProject
Global
	GlobalSection(SolutionConfigurationPlatforms) = preSolution
		Debug|Any CPU = Debug|Any CPU
		Release|Any CPU = Release|Any CPU
	EndGlobalSection
	GlobalSection(ProjectConfigurationPlatforms) = postSolution
		{438D62EB-1C25-4762-A556-357F2894A8E7}.Debug|Any CPU.ActiveCfg = Debug|Any CPU
		{438D62EB-1C25-4762-A556-357F2894A8E7}.Debug|Any CPU.Build.0 = Debug|Any CPU
		{438D62EB-1C25-4762-A556-357F2894A8E7}.Release|Any CPU.ActiveCfg = Release|Any CPU
		{438D62EB-1C25-4762-A556-357F2894A8E7}.Release|Any CPU.Build.0 = Release|Any CPU
		{1E5C1369-09FA-4F9D-9DB3-A5DF54A5030C}.Debug|Any CPU.ActiveCfg = Debug|Any CPU
		{1E5C1369-09FA-4F9D-9DB3-A5DF54A5030C}.Debug|Any CPU.Build.0 = Debug|Any CPU
		{1E5C1369-09FA-4F9D-9DB3-A5DF54A5030C}.Release|Any CPU.ActiveCfg = Release|Any CPU
		{1E5C1369-09FA-4F9D-9DB3-A5DF54A5030C}.Release|Any CPU.Build.0 = Release|Any CPU
		{226E1E12-1FA2-4EB7-90B9-0FFE6052B156}.Debug|Any CPU.ActiveCfg = Debug|Any CPU
		{226E1E12-1FA2-4EB7-90B9-0FFE6052B156}.Debug|Any CPU.Build.0 = Debug|Any CPU
		{226E1E12-1FA2-4EB7-90B9-0FFE6052B156}.Release|Any CPU.ActiveCfg = Release|Any CPU
		{226E1E12-1FA2-4EB7-90B9-0FFE6052B156}.Release|Any CPU.Build.0 = Release|Any CPU
	EndGlobalSection
	GlobalSection(SolutionProperties) = preSolution
		HideSolutionNode = FALSE
	EndGlobalSection
EndGlobal
