
Microsoft Visual Studio Solution File, Format Version 12.00
# Visual Studio 2012
Project("{FAE04EC0-301F-11D3-BF4B-00C04F79EFBC}") = "StudentSystem.Models", "StudentSystem.Models\StudentSystem.Models.csproj", "{F49EF5E9-D162-439A-AA0B-33AE69116169}"
EndProject
Project("{FAE04EC0-301F-11D3-BF4B-00C04F79EFBC}") = "StudentSystem.Data", "StudentSystem.Data\StudentSystem.Data.csproj", "{DD2DA7B5-07FC-44DD-B2B8-CBBB6188FA6F}"
EndProject
Project("{FAE04EC0-301F-11D3-BF4B-00C04F79EFBC}") = "StudentSystem.Client", "StudentSystem.Client\StudentSystem.Client.csproj", "{142079EF-B9C8-40DE-B84B-F3E0DC298A04}"
EndProject
Global
	GlobalSection(SolutionConfigurationPlatforms) = preSolution
		Debug|Any CPU = Debug|Any CPU
		Release|Any CPU = Release|Any CPU
	EndGlobalSection
	GlobalSection(ProjectConfigurationPlatforms) = postSolution
		{F49EF5E9-D162-439A-AA0B-33AE69116169}.Debug|Any CPU.ActiveCfg = Debug|Any CPU
		{F49EF5E9-D162-439A-AA0B-33AE69116169}.Debug|Any CPU.Build.0 = Debug|Any CPU
		{F49EF5E9-D162-439A-AA0B-33AE69116169}.Release|Any CPU.ActiveCfg = Release|Any CPU
		{F49EF5E9-D162-439A-AA0B-33AE69116169}.Release|Any CPU.Build.0 = Release|Any CPU
		{DD2DA7B5-07FC-44DD-B2B8-CBBB6188FA6F}.Debug|Any CPU.ActiveCfg = Debug|Any CPU
		{DD2DA7B5-07FC-44DD-B2B8-CBBB6188FA6F}.Debug|Any CPU.Build.0 = Debug|Any CPU
		{DD2DA7B5-07FC-44DD-B2B8-CBBB6188FA6F}.Release|Any CPU.ActiveCfg = Release|Any CPU
		{DD2DA7B5-07FC-44DD-B2B8-CBBB6188FA6F}.Release|Any CPU.Build.0 = Release|Any CPU
		{142079EF-B9C8-40DE-B84B-F3E0DC298A04}.Debug|Any CPU.ActiveCfg = Debug|Any CPU
		{142079EF-B9C8-40DE-B84B-F3E0DC298A04}.Debug|Any CPU.Build.0 = Debug|Any CPU
		{142079EF-B9C8-40DE-B84B-F3E0DC298A04}.Release|Any CPU.ActiveCfg = Release|Any CPU
		{142079EF-B9C8-40DE-B84B-F3E0DC298A04}.Release|Any CPU.Build.0 = Release|Any CPU
	EndGlobalSection
	GlobalSection(SolutionProperties) = preSolution
		HideSolutionNode = FALSE
	EndGlobalSection
EndGlobal
