
Microsoft Visual Studio Solution File, Format Version 12.00
# Visual Studio 2012
Project("{FAE04EC0-301F-11D3-BF4B-00C04F79EFBC}") = "01. 3DPoint", "01. 3DPoint\01. 3DPoint.csproj", "{438D62EB-1C25-4762-A556-357F2894A8E7}"
EndProject
Project("{FAE04EC0-301F-11D3-BF4B-00C04F79EFBC}") = "02. GenericListImp", "02. GenericListImp\02. GenericListImp.csproj", "{B594705C-BE32-4D78-84AD-AE56C269F435}"
EndProject
Global
	GlobalSection(SolutionConfigurationPlatforms) = preSolution
		Debug|Any CPU = Debug|Any CPU
		Release|Any CPU = Release|Any CPU
	EndGlobalSection
	GlobalSection(ProjectConfigurationPlatforms) = postSolution
		{438D62EB-1C25-4762-A556-357F2894A8E7}.Debug|Any CPU.ActiveCfg = Debug|Any CPU
		{438D62EB-1C25-4762-A556-357F2894A8E7}.Debug|Any CPU.Build.0 = Debug|Any CPU
		{438D62EB-1C25-4762-A556-357F2894A8E7}.Release|Any CPU.ActiveCfg = Release|Any CPU
		{438D62EB-1C25-4762-A556-357F2894A8E7}.Release|Any CPU.Build.0 = Release|Any CPU
		{B594705C-BE32-4D78-84AD-AE56C269F435}.Debug|Any CPU.ActiveCfg = Debug|Any CPU
		{B594705C-BE32-4D78-84AD-AE56C269F435}.Debug|Any CPU.Build.0 = Debug|Any CPU
		{B594705C-BE32-4D78-84AD-AE56C269F435}.Release|Any CPU.ActiveCfg = Release|Any CPU
		{B594705C-BE32-4D78-84AD-AE56C269F435}.Release|Any CPU.Build.0 = Release|Any CPU
	EndGlobalSection
	GlobalSection(SolutionProperties) = preSolution
		HideSolutionNode = FALSE
	EndGlobalSection
EndGlobal
