
Microsoft Visual Studio Solution File, Format Version 12.00
# Visual Studio 2012
Project("{FAE04EC0-301F-11D3-BF4B-00C04F79EFBC}") = "01. OnTheBeach", "01. OnTheBeach\01. OnTheBeach.csproj", "{438D62EB-1C25-4762-A556-357F2894A8E7}"
EndProject
Project("{FAE04EC0-301F-11D3-BF4B-00C04F79EFBC}") = "02. Prices", "02. Prices\02. Prices.csproj", "{F98EAC88-20FA-4699-908C-B4C1CBF1AB22}"
EndProject
Project("{FAE04EC0-301F-11D3-BF4B-00C04F79EFBC}") = "03. Pier", "03. Pier\03. Pier.csproj", "{89750177-95F7-4AFB-A6DA-55B3F652D490}"
EndProject
Project("{FAE04EC0-301F-11D3-BF4B-00C04F79EFBC}") = "04. Hotels", "04. Hotels\04. Hotels.csproj", "{498610DF-A120-4B62-95CB-D2F9ED325F7D}"
EndProject
Project("{FAE04EC0-301F-11D3-BF4B-00C04F79EFBC}") = "05. Vowel", "05. Vowel\05. Vowel.csproj", "{65A4A826-B1F7-4273-8933-477BB2CDAA73}"
EndProject
Project("{FAE04EC0-301F-11D3-BF4B-00C04F79EFBC}") = "06. MinDigit", "06. MinDigit\06. MinDigit.csproj", "{C08771EA-174A-4DF0-8171-75E7F8B87D58}"
EndProject
Project("{FAE04EC0-301F-11D3-BF4B-00C04F79EFBC}") = "07. Prize", "07. Prize\07. Prize.csproj", "{72057AD4-786E-49A9-BB1D-E9C247AE5DFA}"
EndProject
Project("{FAE04EC0-301F-11D3-BF4B-00C04F79EFBC}") = "08. Card", "08. Card\08. Card.csproj", "{59218662-1C24-4FE7-B908-AE305636DF1F}"
EndProject
Project("{FAE04EC0-301F-11D3-BF4B-00C04F79EFBC}") = "09. Cake", "09. Cake\09. Cake.csproj", "{660EBE09-11A8-4E2D-BF4D-E4DB940BA058}"
EndProject
Project("{FAE04EC0-301F-11D3-BF4B-00C04F79EFBC}") = "10. Presents", "10. Presents\10. Presents.csproj", "{32389B71-FD81-4220-BEDF-2CDE55939AD5}"
EndProject
Project("{FAE04EC0-301F-11D3-BF4B-00C04F79EFBC}") = "11. NumbersName", "11. NumbersName\11. NumbersName.csproj", "{D690C164-D930-4C0E-9192-1785C0B25256}"
EndProject
Project("{FAE04EC0-301F-11D3-BF4B-00C04F79EFBC}") = "12. Cookies", "12. Cookies\12. Cookies.csproj", "{D94034E9-F44D-4D47-83C3-E6DC0BF6ED59}"
EndProject
Project("{FAE04EC0-301F-11D3-BF4B-00C04F79EFBC}") = "Benchmark", "Benchmark\Benchmark.csproj", "{D148988A-6CFB-4D70-9667-FDD96A9A2857}"
EndProject
Project("{FAE04EC0-301F-11D3-BF4B-00C04F79EFBC}") = "13. Letter", "13. Letter\13. Letter.csproj", "{7AB2D007-9AE1-45BF-A443-5D8984FBE3D2}"
EndProject
Project("{FAE04EC0-301F-11D3-BF4B-00C04F79EFBC}") = "14. ZigZag", "14. ZigZag\14. ZigZag.csproj", "{95B8042C-6349-4E7A-B5D6-BD430FA0DA84}"
EndProject
Project("{FAE04EC0-301F-11D3-BF4B-00C04F79EFBC}") = "15. Apples", "15. Apples\15. Apples.csproj", "{9256A027-7207-4746-A147-FAD51FF36A3A}"
EndProject
Project("{FAE04EC0-301F-11D3-BF4B-00C04F79EFBC}") = "16. Icecream", "16. Icecream\16. Icecream.csproj", "{80DC419F-2ADF-43AC-984A-B4DB89885EFD}"
EndProject
Project("{FAE04EC0-301F-11D3-BF4B-00C04F79EFBC}") = "17.PageNumbers", "17.PageNumbers\17.PageNumbers.csproj", "{C357A5D9-BD77-49FE-9A21-247DD3C168FF}"
EndProject
Global
	GlobalSection(SolutionConfigurationPlatforms) = preSolution
		Debug|Any CPU = Debug|Any CPU
		Release|Any CPU = Release|Any CPU
	EndGlobalSection
	GlobalSection(ProjectConfigurationPlatforms) = postSolution
		{438D62EB-1C25-4762-A556-357F2894A8E7}.Debug|Any CPU.ActiveCfg = Debug|Any CPU
		{438D62EB-1C25-4762-A556-357F2894A8E7}.Debug|Any CPU.Build.0 = Debug|Any CPU
		{438D62EB-1C25-4762-A556-357F2894A8E7}.Release|Any CPU.ActiveCfg = Release|Any CPU
		{438D62EB-1C25-4762-A556-357F2894A8E7}.Release|Any CPU.Build.0 = Release|Any CPU
		{F98EAC88-20FA-4699-908C-B4C1CBF1AB22}.Debug|Any CPU.ActiveCfg = Debug|Any CPU
		{F98EAC88-20FA-4699-908C-B4C1CBF1AB22}.Debug|Any CPU.Build.0 = Debug|Any CPU
		{F98EAC88-20FA-4699-908C-B4C1CBF1AB22}.Release|Any CPU.ActiveCfg = Release|Any CPU
		{F98EAC88-20FA-4699-908C-B4C1CBF1AB22}.Release|Any CPU.Build.0 = Release|Any CPU
		{89750177-95F7-4AFB-A6DA-55B3F652D490}.Debug|Any CPU.ActiveCfg = Debug|Any CPU
		{89750177-95F7-4AFB-A6DA-55B3F652D490}.Debug|Any CPU.Build.0 = Debug|Any CPU
		{89750177-95F7-4AFB-A6DA-55B3F652D490}.Release|Any CPU.ActiveCfg = Release|Any CPU
		{89750177-95F7-4AFB-A6DA-55B3F652D490}.Release|Any CPU.Build.0 = Release|Any CPU
		{498610DF-A120-4B62-95CB-D2F9ED325F7D}.Debug|Any CPU.ActiveCfg = Debug|Any CPU
		{498610DF-A120-4B62-95CB-D2F9ED325F7D}.Debug|Any CPU.Build.0 = Debug|Any CPU
		{498610DF-A120-4B62-95CB-D2F9ED325F7D}.Release|Any CPU.ActiveCfg = Release|Any CPU
		{498610DF-A120-4B62-95CB-D2F9ED325F7D}.Release|Any CPU.Build.0 = Release|Any CPU
		{65A4A826-B1F7-4273-8933-477BB2CDAA73}.Debug|Any CPU.ActiveCfg = Debug|Any CPU
		{65A4A826-B1F7-4273-8933-477BB2CDAA73}.Debug|Any CPU.Build.0 = Debug|Any CPU
		{65A4A826-B1F7-4273-8933-477BB2CDAA73}.Release|Any CPU.ActiveCfg = Release|Any CPU
		{65A4A826-B1F7-4273-8933-477BB2CDAA73}.Release|Any CPU.Build.0 = Release|Any CPU
		{C08771EA-174A-4DF0-8171-75E7F8B87D58}.Debug|Any CPU.ActiveCfg = Debug|Any CPU
		{C08771EA-174A-4DF0-8171-75E7F8B87D58}.Debug|Any CPU.Build.0 = Debug|Any CPU
		{C08771EA-174A-4DF0-8171-75E7F8B87D58}.Release|Any CPU.ActiveCfg = Release|Any CPU
		{C08771EA-174A-4DF0-8171-75E7F8B87D58}.Release|Any CPU.Build.0 = Release|Any CPU
		{72057AD4-786E-49A9-BB1D-E9C247AE5DFA}.Debug|Any CPU.ActiveCfg = Debug|Any CPU
		{72057AD4-786E-49A9-BB1D-E9C247AE5DFA}.Debug|Any CPU.Build.0 = Debug|Any CPU
		{72057AD4-786E-49A9-BB1D-E9C247AE5DFA}.Release|Any CPU.ActiveCfg = Release|Any CPU
		{72057AD4-786E-49A9-BB1D-E9C247AE5DFA}.Release|Any CPU.Build.0 = Release|Any CPU
		{59218662-1C24-4FE7-B908-AE305636DF1F}.Debug|Any CPU.ActiveCfg = Debug|Any CPU
		{59218662-1C24-4FE7-B908-AE305636DF1F}.Debug|Any CPU.Build.0 = Debug|Any CPU
		{59218662-1C24-4FE7-B908-AE305636DF1F}.Release|Any CPU.ActiveCfg = Release|Any CPU
		{59218662-1C24-4FE7-B908-AE305636DF1F}.Release|Any CPU.Build.0 = Release|Any CPU
		{660EBE09-11A8-4E2D-BF4D-E4DB940BA058}.Debug|Any CPU.ActiveCfg = Debug|Any CPU
		{660EBE09-11A8-4E2D-BF4D-E4DB940BA058}.Debug|Any CPU.Build.0 = Debug|Any CPU
		{660EBE09-11A8-4E2D-BF4D-E4DB940BA058}.Release|Any CPU.ActiveCfg = Release|Any CPU
		{660EBE09-11A8-4E2D-BF4D-E4DB940BA058}.Release|Any CPU.Build.0 = Release|Any CPU
		{32389B71-FD81-4220-BEDF-2CDE55939AD5}.Debug|Any CPU.ActiveCfg = Debug|Any CPU
		{32389B71-FD81-4220-BEDF-2CDE55939AD5}.Debug|Any CPU.Build.0 = Debug|Any CPU
		{32389B71-FD81-4220-BEDF-2CDE55939AD5}.Release|Any CPU.ActiveCfg = Release|Any CPU
		{32389B71-FD81-4220-BEDF-2CDE55939AD5}.Release|Any CPU.Build.0 = Release|Any CPU
		{D690C164-D930-4C0E-9192-1785C0B25256}.Debug|Any CPU.ActiveCfg = Debug|Any CPU
		{D690C164-D930-4C0E-9192-1785C0B25256}.Debug|Any CPU.Build.0 = Debug|Any CPU
		{D690C164-D930-4C0E-9192-1785C0B25256}.Release|Any CPU.ActiveCfg = Release|Any CPU
		{D690C164-D930-4C0E-9192-1785C0B25256}.Release|Any CPU.Build.0 = Release|Any CPU
		{D94034E9-F44D-4D47-83C3-E6DC0BF6ED59}.Debug|Any CPU.ActiveCfg = Debug|Any CPU
		{D94034E9-F44D-4D47-83C3-E6DC0BF6ED59}.Debug|Any CPU.Build.0 = Debug|Any CPU
		{D94034E9-F44D-4D47-83C3-E6DC0BF6ED59}.Release|Any CPU.ActiveCfg = Release|Any CPU
		{D94034E9-F44D-4D47-83C3-E6DC0BF6ED59}.Release|Any CPU.Build.0 = Release|Any CPU
		{D148988A-6CFB-4D70-9667-FDD96A9A2857}.Debug|Any CPU.ActiveCfg = Debug|Any CPU
		{D148988A-6CFB-4D70-9667-FDD96A9A2857}.Debug|Any CPU.Build.0 = Debug|Any CPU
		{D148988A-6CFB-4D70-9667-FDD96A9A2857}.Release|Any CPU.ActiveCfg = Release|Any CPU
		{D148988A-6CFB-4D70-9667-FDD96A9A2857}.Release|Any CPU.Build.0 = Release|Any CPU
		{7AB2D007-9AE1-45BF-A443-5D8984FBE3D2}.Debug|Any CPU.ActiveCfg = Debug|Any CPU
		{7AB2D007-9AE1-45BF-A443-5D8984FBE3D2}.Debug|Any CPU.Build.0 = Debug|Any CPU
		{7AB2D007-9AE1-45BF-A443-5D8984FBE3D2}.Release|Any CPU.ActiveCfg = Release|Any CPU
		{7AB2D007-9AE1-45BF-A443-5D8984FBE3D2}.Release|Any CPU.Build.0 = Release|Any CPU
		{95B8042C-6349-4E7A-B5D6-BD430FA0DA84}.Debug|Any CPU.ActiveCfg = Debug|Any CPU
		{95B8042C-6349-4E7A-B5D6-BD430FA0DA84}.Debug|Any CPU.Build.0 = Debug|Any CPU
		{95B8042C-6349-4E7A-B5D6-BD430FA0DA84}.Release|Any CPU.ActiveCfg = Release|Any CPU
		{95B8042C-6349-4E7A-B5D6-BD430FA0DA84}.Release|Any CPU.Build.0 = Release|Any CPU
		{9256A027-7207-4746-A147-FAD51FF36A3A}.Debug|Any CPU.ActiveCfg = Debug|Any CPU
		{9256A027-7207-4746-A147-FAD51FF36A3A}.Debug|Any CPU.Build.0 = Debug|Any CPU
		{9256A027-7207-4746-A147-FAD51FF36A3A}.Release|Any CPU.ActiveCfg = Release|Any CPU
		{9256A027-7207-4746-A147-FAD51FF36A3A}.Release|Any CPU.Build.0 = Release|Any CPU
		{80DC419F-2ADF-43AC-984A-B4DB89885EFD}.Debug|Any CPU.ActiveCfg = Debug|Any CPU
		{80DC419F-2ADF-43AC-984A-B4DB89885EFD}.Debug|Any CPU.Build.0 = Debug|Any CPU
		{80DC419F-2ADF-43AC-984A-B4DB89885EFD}.Release|Any CPU.ActiveCfg = Release|Any CPU
		{80DC419F-2ADF-43AC-984A-B4DB89885EFD}.Release|Any CPU.Build.0 = Release|Any CPU
		{C357A5D9-BD77-49FE-9A21-247DD3C168FF}.Debug|Any CPU.ActiveCfg = Debug|Any CPU
		{C357A5D9-BD77-49FE-9A21-247DD3C168FF}.Debug|Any CPU.Build.0 = Debug|Any CPU
		{C357A5D9-BD77-49FE-9A21-247DD3C168FF}.Release|Any CPU.ActiveCfg = Release|Any CPU
		{C357A5D9-BD77-49FE-9A21-247DD3C168FF}.Release|Any CPU.Build.0 = Release|Any CPU
	EndGlobalSection
	GlobalSection(SolutionProperties) = preSolution
		HideSolutionNode = FALSE
	EndGlobalSection
EndGlobal
