
Microsoft Visual Studio Solution File, Format Version 12.00
# Visual Studio 2012
Project("{FAE04EC0-301F-11D3-BF4B-00C04F79EFBC}") = "StudentSys.Api", "StudentSys.Api\StudentSys.Api.csproj", "{F456269F-9C5A-41BF-AC80-D08FB72963B5}"
EndProject
Project("{FAE04EC0-301F-11D3-BF4B-00C04F79EFBC}") = "StudentSys.Web.Client", "StudentSys.Web.Client\StudentSys.Web.Client.csproj", "{34003FB8-7ECB-4F60-9C26-C9730DA92462}"
EndProject
Project("{FAE04EC0-301F-11D3-BF4B-00C04F79EFBC}") = "ComboBox", "ComboBox\ComboBox.csproj", "{0C520A68-00C2-4F91-B77F-B2A762ECE3A0}"
EndProject
Project("{2150E333-8FDC-42A3-9474-1A3956D46DE8}") = ".nuget", ".nuget", "{A4BF85A3-1469-4BA3-9ADF-3BD78084F5B3}"
	ProjectSection(SolutionItems) = preProject
		.nuget\NuGet.Config = .nuget\NuGet.Config
		.nuget\NuGet.exe = .nuget\NuGet.exe
		.nuget\NuGet.targets = .nuget\NuGet.targets
	EndProjectSection
EndProject
Global
	GlobalSection(SolutionConfigurationPlatforms) = preSolution
		Debug|Any CPU = Debug|Any CPU
		Release|Any CPU = Release|Any CPU
	EndGlobalSection
	GlobalSection(ProjectConfigurationPlatforms) = postSolution
		{F456269F-9C5A-41BF-AC80-D08FB72963B5}.Debug|Any CPU.ActiveCfg = Debug|Any CPU
		{F456269F-9C5A-41BF-AC80-D08FB72963B5}.Debug|Any CPU.Build.0 = Debug|Any CPU
		{F456269F-9C5A-41BF-AC80-D08FB72963B5}.Release|Any CPU.ActiveCfg = Release|Any CPU
		{F456269F-9C5A-41BF-AC80-D08FB72963B5}.Release|Any CPU.Build.0 = Release|Any CPU
		{34003FB8-7ECB-4F60-9C26-C9730DA92462}.Debug|Any CPU.ActiveCfg = Debug|Any CPU
		{34003FB8-7ECB-4F60-9C26-C9730DA92462}.Debug|Any CPU.Build.0 = Debug|Any CPU
		{34003FB8-7ECB-4F60-9C26-C9730DA92462}.Release|Any CPU.ActiveCfg = Release|Any CPU
		{34003FB8-7ECB-4F60-9C26-C9730DA92462}.Release|Any CPU.Build.0 = Release|Any CPU
		{0C520A68-00C2-4F91-B77F-B2A762ECE3A0}.Debug|Any CPU.ActiveCfg = Debug|Any CPU
		{0C520A68-00C2-4F91-B77F-B2A762ECE3A0}.Debug|Any CPU.Build.0 = Debug|Any CPU
		{0C520A68-00C2-4F91-B77F-B2A762ECE3A0}.Release|Any CPU.ActiveCfg = Release|Any CPU
		{0C520A68-00C2-4F91-B77F-B2A762ECE3A0}.Release|Any CPU.Build.0 = Release|Any CPU
	EndGlobalSection
	GlobalSection(SolutionProperties) = preSolution
		HideSolutionNode = FALSE
	EndGlobalSection
EndGlobal
