
Microsoft Visual Studio Solution File, Format Version 12.00
# Visual Studio 2012
Project("{FAE04EC0-301F-11D3-BF4B-00C04F79EFBC}") = "01. BinaryPasswords", "01. BinaryPasswords\01. BinaryPasswords.csproj", "{869B584D-6E6F-4FD8-8C4B-821C4B1D0339}"
EndProject
Project("{FAE04EC0-301F-11D3-BF4B-00C04F79EFBC}") = "02. ColoredRabbits", "02. ColoredRabbits\02. ColoredRabbits.csproj", "{1710F738-1B5B-4F81-826A-84C6F0F8A48E}"
EndProject
Project("{FAE04EC0-301F-11D3-BF4B-00C04F79EFBC}") = "04. Balls", "04. Balls\04. Balls.csproj", "{A5555A1E-F26C-4E13-A5A8-A18CB2644788}"
EndProject
Global
	GlobalSection(SolutionConfigurationPlatforms) = preSolution
		Debug|Any CPU = Debug|Any CPU
		Release|Any CPU = Release|Any CPU
	EndGlobalSection
	GlobalSection(ProjectConfigurationPlatforms) = postSolution
		{869B584D-6E6F-4FD8-8C4B-821C4B1D0339}.Debug|Any CPU.ActiveCfg = Debug|Any CPU
		{869B584D-6E6F-4FD8-8C4B-821C4B1D0339}.Debug|Any CPU.Build.0 = Debug|Any CPU
		{869B584D-6E6F-4FD8-8C4B-821C4B1D0339}.Release|Any CPU.ActiveCfg = Release|Any CPU
		{869B584D-6E6F-4FD8-8C4B-821C4B1D0339}.Release|Any CPU.Build.0 = Release|Any CPU
		{1710F738-1B5B-4F81-826A-84C6F0F8A48E}.Debug|Any CPU.ActiveCfg = Debug|Any CPU
		{1710F738-1B5B-4F81-826A-84C6F0F8A48E}.Debug|Any CPU.Build.0 = Debug|Any CPU
		{1710F738-1B5B-4F81-826A-84C6F0F8A48E}.Release|Any CPU.ActiveCfg = Release|Any CPU
		{1710F738-1B5B-4F81-826A-84C6F0F8A48E}.Release|Any CPU.Build.0 = Release|Any CPU
		{A5555A1E-F26C-4E13-A5A8-A18CB2644788}.Debug|Any CPU.ActiveCfg = Debug|Any CPU
		{A5555A1E-F26C-4E13-A5A8-A18CB2644788}.Debug|Any CPU.Build.0 = Debug|Any CPU
		{A5555A1E-F26C-4E13-A5A8-A18CB2644788}.Release|Any CPU.ActiveCfg = Release|Any CPU
		{A5555A1E-F26C-4E13-A5A8-A18CB2644788}.Release|Any CPU.Build.0 = Release|Any CPU
	EndGlobalSection
	GlobalSection(SolutionProperties) = preSolution
		HideSolutionNode = FALSE
	EndGlobalSection
EndGlobal
