
Microsoft Visual Studio Solution File, Format Version 12.00
# Visual Studio 2012
Project("{FAE04EC0-301F-11D3-BF4B-00C04F79EFBC}") = "01. MobilePhoneClass", "01. MobilePhoneClass\01. MobilePhoneClass.csproj", "{438D62EB-1C25-4762-A556-357F2894A8E7}"
EndProject
Project("{FAE04EC0-301F-11D3-BF4B-00C04F79EFBC}") = "02. Constructors", "02. Constructors\02. Constructors.csproj", "{6FA2ED28-6CA1-4629-BA0A-3057D04026E3}"
EndProject
Global
	GlobalSection(SolutionConfigurationPlatforms) = preSolution
		Debug|Any CPU = Debug|Any CPU
		Release|Any CPU = Release|Any CPU
	EndGlobalSection
	GlobalSection(ProjectConfigurationPlatforms) = postSolution
		{438D62EB-1C25-4762-A556-357F2894A8E7}.Debug|Any CPU.ActiveCfg = Debug|Any CPU
		{438D62EB-1C25-4762-A556-357F2894A8E7}.Debug|Any CPU.Build.0 = Debug|Any CPU
		{438D62EB-1C25-4762-A556-357F2894A8E7}.Release|Any CPU.ActiveCfg = Release|Any CPU
		{438D62EB-1C25-4762-A556-357F2894A8E7}.Release|Any CPU.Build.0 = Release|Any CPU
		{6FA2ED28-6CA1-4629-BA0A-3057D04026E3}.Debug|Any CPU.ActiveCfg = Debug|Any CPU
		{6FA2ED28-6CA1-4629-BA0A-3057D04026E3}.Debug|Any CPU.Build.0 = Debug|Any CPU
		{6FA2ED28-6CA1-4629-BA0A-3057D04026E3}.Release|Any CPU.ActiveCfg = Release|Any CPU
		{6FA2ED28-6CA1-4629-BA0A-3057D04026E3}.Release|Any CPU.Build.0 = Release|Any CPU
	EndGlobalSection
	GlobalSection(SolutionProperties) = preSolution
		HideSolutionNode = FALSE
	EndGlobalSection
EndGlobal
