
Microsoft Visual Studio Solution File, Format Version 12.00
# Visual Studio 14
VisualStudioVersion = 14.0.23107.0
MinimumVisualStudioVersion = 10.0.40219.1
Project("{FAE04EC0-301F-11D3-BF4B-00C04F79EFBC}") = "02. HelloCSharp", "02. HelloCSharp\02. HelloCSharp.csproj", "{D989BB41-81A6-47DA-8DEB-7924E415CB2B}"
EndProject
Project("{FAE04EC0-301F-11D3-BF4B-00C04F79EFBC}") = "03. HelloMyName", "03. HelloMyName\03. HelloMyName.csproj", "{9E972D5D-3B96-48B9-B770-B1823633532D}"
EndProject
Project("{FAE04EC0-301F-11D3-BF4B-00C04F79EFBC}") = "04. PrintNumbers", "04. PrintNumbers\04. PrintNumbers.csproj", "{88BC5167-AA77-4100-AC35-BBA961DC6BFF}"
EndProject
Project("{FAE04EC0-301F-11D3-BF4B-00C04F79EFBC}") = "06. PrintFirstAndLast", "06. PrintFirstAndLast\06. PrintFirstAndLast.csproj", "{D9D55D4C-E6F7-4332-B177-F71B2D63C7CE}"
EndProject
Project("{FAE04EC0-301F-11D3-BF4B-00C04F79EFBC}") = "07. TimeAndDate", "07. TimeAndDate\07. TimeAndDate.csproj", "{32A33DF2-C24F-4B31-8A4E-8DB32632EFD0}"
EndProject
Project("{FAE04EC0-301F-11D3-BF4B-00C04F79EFBC}") = "09. NumberSequence", "09. NumberSequence\09. NumberSequence.csproj", "{DACB3934-15D9-4B1E-A75E-66F1555CF5A4}"
EndProject
Project("{FAE04EC0-301F-11D3-BF4B-00C04F79EFBC}") = "12. FutureAgeTest", "12. FutureAge\12. FutureAgeTest.csproj", "{881688DA-EDB8-4DAE-914A-E55635B60CC4}"
EndProject
Project("{FAE04EC0-301F-11D3-BF4B-00C04F79EFBC}") = "08. Square", "08. Square\08. Square.csproj", "{D209BEDD-506A-456F-8306-9D0F35611CB1}"
EndProject
Project("{FAE04EC0-301F-11D3-BF4B-00C04F79EFBC}") = "02. HelloCSharp.Tests", "02. HelloCSharp.Tests\02. HelloCSharp.Tests.csproj", "{E2988354-134D-4FB4-BE8D-43F99C6931D7}"
EndProject
Project("{FAE04EC0-301F-11D3-BF4B-00C04F79EFBC}") = "03. HelloMyName.Tests", "03. HelloMyName.Tests\03. HelloMyName.Tests.csproj", "{D7DE5636-9F59-48CC-BF49-30BA1740DDC4}"
EndProject
Project("{FAE04EC0-301F-11D3-BF4B-00C04F79EFBC}") = "04. PrintNumbers.Tests", "04. PrintNumbers.Tests\04. PrintNumbers.Tests.csproj", "{68F5D209-BB3B-448D-8A25-9C76FCD56D53}"
EndProject
Project("{FAE04EC0-301F-11D3-BF4B-00C04F79EFBC}") = "07. TimeAndDate.Tests", "07. TimeAndDate.Tests\07. TimeAndDate.Tests.csproj", "{E9F40DB2-B2F0-4DE1-A6C2-B4B1DE600802}"
EndProject
Project("{FAE04EC0-301F-11D3-BF4B-00C04F79EFBC}") = "06. PrintFirstAndLast.Tests", "06. PrintFirstAndLast.Tests\06. PrintFirstAndLast.Tests.csproj", "{600C8D5B-3FBE-43A0-A0E5-129A26DBDDA5}"
EndProject
Project("{FAE04EC0-301F-11D3-BF4B-00C04F79EFBC}") = "09. NumberSequence.Tests", "09. NumberSequence.Tests\09. NumberSequence.Tests.csproj", "{FC1DE062-0AA6-452B-A888-843C7AEC1661}"
EndProject
Project("{FAE04EC0-301F-11D3-BF4B-00C04F79EFBC}") = "12. FutureAgeTest.Tests", "12. FutureAgeTest.Tests\12. FutureAgeTest.Tests.csproj", "{45420F75-EE09-40F8-A627-C5E1970B7CBE}"
EndProject
Project("{FAE04EC0-301F-11D3-BF4B-00C04F79EFBC}") = "08. Square.Tests", "08. Square.Tests\08. Square.Tests.csproj", "{3BE107CE-2177-41D1-BC63-72F89806C87C}"
EndProject
Global
	GlobalSection(SolutionConfigurationPlatforms) = preSolution
		Debug|Any CPU = Debug|Any CPU
		Release|Any CPU = Release|Any CPU
	EndGlobalSection
	GlobalSection(ProjectConfigurationPlatforms) = postSolution
		{D989BB41-81A6-47DA-8DEB-7924E415CB2B}.Debug|Any CPU.ActiveCfg = Debug|Any CPU
		{D989BB41-81A6-47DA-8DEB-7924E415CB2B}.Debug|Any CPU.Build.0 = Debug|Any CPU
		{D989BB41-81A6-47DA-8DEB-7924E415CB2B}.Release|Any CPU.ActiveCfg = Release|Any CPU
		{D989BB41-81A6-47DA-8DEB-7924E415CB2B}.Release|Any CPU.Build.0 = Release|Any CPU
		{9E972D5D-3B96-48B9-B770-B1823633532D}.Debug|Any CPU.ActiveCfg = Debug|Any CPU
		{9E972D5D-3B96-48B9-B770-B1823633532D}.Debug|Any CPU.Build.0 = Debug|Any CPU
		{9E972D5D-3B96-48B9-B770-B1823633532D}.Release|Any CPU.ActiveCfg = Release|Any CPU
		{9E972D5D-3B96-48B9-B770-B1823633532D}.Release|Any CPU.Build.0 = Release|Any CPU
		{88BC5167-AA77-4100-AC35-BBA961DC6BFF}.Debug|Any CPU.ActiveCfg = Debug|Any CPU
		{88BC5167-AA77-4100-AC35-BBA961DC6BFF}.Debug|Any CPU.Build.0 = Debug|Any CPU
		{88BC5167-AA77-4100-AC35-BBA961DC6BFF}.Release|Any CPU.ActiveCfg = Release|Any CPU
		{88BC5167-AA77-4100-AC35-BBA961DC6BFF}.Release|Any CPU.Build.0 = Release|Any CPU
		{D9D55D4C-E6F7-4332-B177-F71B2D63C7CE}.Debug|Any CPU.ActiveCfg = Debug|Any CPU
		{D9D55D4C-E6F7-4332-B177-F71B2D63C7CE}.Debug|Any CPU.Build.0 = Debug|Any CPU
		{D9D55D4C-E6F7-4332-B177-F71B2D63C7CE}.Release|Any CPU.ActiveCfg = Release|Any CPU
		{D9D55D4C-E6F7-4332-B177-F71B2D63C7CE}.Release|Any CPU.Build.0 = Release|Any CPU
		{32A33DF2-C24F-4B31-8A4E-8DB32632EFD0}.Debug|Any CPU.ActiveCfg = Debug|Any CPU
		{32A33DF2-C24F-4B31-8A4E-8DB32632EFD0}.Debug|Any CPU.Build.0 = Debug|Any CPU
		{32A33DF2-C24F-4B31-8A4E-8DB32632EFD0}.Release|Any CPU.ActiveCfg = Release|Any CPU
		{32A33DF2-C24F-4B31-8A4E-8DB32632EFD0}.Release|Any CPU.Build.0 = Release|Any CPU
		{DACB3934-15D9-4B1E-A75E-66F1555CF5A4}.Debug|Any CPU.ActiveCfg = Debug|Any CPU
		{DACB3934-15D9-4B1E-A75E-66F1555CF5A4}.Debug|Any CPU.Build.0 = Debug|Any CPU
		{DACB3934-15D9-4B1E-A75E-66F1555CF5A4}.Release|Any CPU.ActiveCfg = Release|Any CPU
		{DACB3934-15D9-4B1E-A75E-66F1555CF5A4}.Release|Any CPU.Build.0 = Release|Any CPU
		{881688DA-EDB8-4DAE-914A-E55635B60CC4}.Debug|Any CPU.ActiveCfg = Debug|Any CPU
		{881688DA-EDB8-4DAE-914A-E55635B60CC4}.Debug|Any CPU.Build.0 = Debug|Any CPU
		{881688DA-EDB8-4DAE-914A-E55635B60CC4}.Release|Any CPU.ActiveCfg = Release|Any CPU
		{881688DA-EDB8-4DAE-914A-E55635B60CC4}.Release|Any CPU.Build.0 = Release|Any CPU
		{D209BEDD-506A-456F-8306-9D0F35611CB1}.Debug|Any CPU.ActiveCfg = Debug|Any CPU
		{D209BEDD-506A-456F-8306-9D0F35611CB1}.Debug|Any CPU.Build.0 = Debug|Any CPU
		{D209BEDD-506A-456F-8306-9D0F35611CB1}.Release|Any CPU.ActiveCfg = Release|Any CPU
		{D209BEDD-506A-456F-8306-9D0F35611CB1}.Release|Any CPU.Build.0 = Release|Any CPU
		{E2988354-134D-4FB4-BE8D-43F99C6931D7}.Debug|Any CPU.ActiveCfg = Debug|Any CPU
		{E2988354-134D-4FB4-BE8D-43F99C6931D7}.Debug|Any CPU.Build.0 = Debug|Any CPU
		{E2988354-134D-4FB4-BE8D-43F99C6931D7}.Release|Any CPU.ActiveCfg = Release|Any CPU
		{E2988354-134D-4FB4-BE8D-43F99C6931D7}.Release|Any CPU.Build.0 = Release|Any CPU
		{D7DE5636-9F59-48CC-BF49-30BA1740DDC4}.Debug|Any CPU.ActiveCfg = Debug|Any CPU
		{D7DE5636-9F59-48CC-BF49-30BA1740DDC4}.Debug|Any CPU.Build.0 = Debug|Any CPU
		{D7DE5636-9F59-48CC-BF49-30BA1740DDC4}.Release|Any CPU.ActiveCfg = Release|Any CPU
		{D7DE5636-9F59-48CC-BF49-30BA1740DDC4}.Release|Any CPU.Build.0 = Release|Any CPU
		{68F5D209-BB3B-448D-8A25-9C76FCD56D53}.Debug|Any CPU.ActiveCfg = Debug|Any CPU
		{68F5D209-BB3B-448D-8A25-9C76FCD56D53}.Debug|Any CPU.Build.0 = Debug|Any CPU
		{68F5D209-BB3B-448D-8A25-9C76FCD56D53}.Release|Any CPU.ActiveCfg = Release|Any CPU
		{68F5D209-BB3B-448D-8A25-9C76FCD56D53}.Release|Any CPU.Build.0 = Release|Any CPU
		{E9F40DB2-B2F0-4DE1-A6C2-B4B1DE600802}.Debug|Any CPU.ActiveCfg = Debug|Any CPU
		{E9F40DB2-B2F0-4DE1-A6C2-B4B1DE600802}.Debug|Any CPU.Build.0 = Debug|Any CPU
		{E9F40DB2-B2F0-4DE1-A6C2-B4B1DE600802}.Release|Any CPU.ActiveCfg = Release|Any CPU
		{E9F40DB2-B2F0-4DE1-A6C2-B4B1DE600802}.Release|Any CPU.Build.0 = Release|Any CPU
		{600C8D5B-3FBE-43A0-A0E5-129A26DBDDA5}.Debug|Any CPU.ActiveCfg = Debug|Any CPU
		{600C8D5B-3FBE-43A0-A0E5-129A26DBDDA5}.Debug|Any CPU.Build.0 = Debug|Any CPU
		{600C8D5B-3FBE-43A0-A0E5-129A26DBDDA5}.Release|Any CPU.ActiveCfg = Release|Any CPU
		{600C8D5B-3FBE-43A0-A0E5-129A26DBDDA5}.Release|Any CPU.Build.0 = Release|Any CPU
		{FC1DE062-0AA6-452B-A888-843C7AEC1661}.Debug|Any CPU.ActiveCfg = Debug|Any CPU
		{FC1DE062-0AA6-452B-A888-843C7AEC1661}.Debug|Any CPU.Build.0 = Debug|Any CPU
		{FC1DE062-0AA6-452B-A888-843C7AEC1661}.Release|Any CPU.ActiveCfg = Release|Any CPU
		{FC1DE062-0AA6-452B-A888-843C7AEC1661}.Release|Any CPU.Build.0 = Release|Any CPU
		{45420F75-EE09-40F8-A627-C5E1970B7CBE}.Debug|Any CPU.ActiveCfg = Debug|Any CPU
		{45420F75-EE09-40F8-A627-C5E1970B7CBE}.Debug|Any CPU.Build.0 = Debug|Any CPU
		{45420F75-EE09-40F8-A627-C5E1970B7CBE}.Release|Any CPU.ActiveCfg = Release|Any CPU
		{45420F75-EE09-40F8-A627-C5E1970B7CBE}.Release|Any CPU.Build.0 = Release|Any CPU
		{3BE107CE-2177-41D1-BC63-72F89806C87C}.Debug|Any CPU.ActiveCfg = Debug|Any CPU
		{3BE107CE-2177-41D1-BC63-72F89806C87C}.Debug|Any CPU.Build.0 = Debug|Any CPU
		{3BE107CE-2177-41D1-BC63-72F89806C87C}.Release|Any CPU.ActiveCfg = Release|Any CPU
		{3BE107CE-2177-41D1-BC63-72F89806C87C}.Release|Any CPU.Build.0 = Release|Any CPU
	EndGlobalSection
	GlobalSection(SolutionProperties) = preSolution
		HideSolutionNode = FALSE
	EndGlobalSection
EndGlobal
