
Microsoft Visual Studio Solution File, Format Version 12.00
# Visual Studio 2012
Project("{FAE04EC0-301F-11D3-BF4B-00C04F79EFBC}") = "01. SearchAndSort", "01. SearchAndSort\01. SearchAndSort.csproj", "{AFFE36A9-A703-429E-8B18-78F234B101D3}"
EndProject
Project("{FAE04EC0-301F-11D3-BF4B-00C04F79EFBC}") = "01. SearchAndSort.Test", "01. SearchAndSort.Test\01. SearchAndSort.Test.csproj", "{4F687BB7-3053-411D-8BFE-3A5035C8076F}"
EndProject
Global
	GlobalSection(SolutionConfigurationPlatforms) = preSolution
		Debug|Any CPU = Debug|Any CPU
		Release|Any CPU = Release|Any CPU
	EndGlobalSection
	GlobalSection(ProjectConfigurationPlatforms) = postSolution
		{AFFE36A9-A703-429E-8B18-78F234B101D3}.Debug|Any CPU.ActiveCfg = Debug|Any CPU
		{AFFE36A9-A703-429E-8B18-78F234B101D3}.Debug|Any CPU.Build.0 = Debug|Any CPU
		{AFFE36A9-A703-429E-8B18-78F234B101D3}.Release|Any CPU.ActiveCfg = Release|Any CPU
		{AFFE36A9-A703-429E-8B18-78F234B101D3}.Release|Any CPU.Build.0 = Release|Any CPU
		{4F687BB7-3053-411D-8BFE-3A5035C8076F}.Debug|Any CPU.ActiveCfg = Debug|Any CPU
		{4F687BB7-3053-411D-8BFE-3A5035C8076F}.Debug|Any CPU.Build.0 = Debug|Any CPU
		{4F687BB7-3053-411D-8BFE-3A5035C8076F}.Release|Any CPU.ActiveCfg = Release|Any CPU
		{4F687BB7-3053-411D-8BFE-3A5035C8076F}.Release|Any CPU.Build.0 = Release|Any CPU
	EndGlobalSection
	GlobalSection(SolutionProperties) = preSolution
		HideSolutionNode = FALSE
	EndGlobalSection
EndGlobal
