
Microsoft Visual Studio Solution File, Format Version 12.00
# Visual Studio 2012
Project("{FAE04EC0-301F-11D3-BF4B-00C04F79EFBC}") = "01. GenomeDecoder", "01. GenomeDecoder\01. GenomeDecoder.csproj", "{438D62EB-1C25-4762-A556-357F2894A8E7}"
EndProject
Project("{FAE04EC0-301F-11D3-BF4B-00C04F79EFBC}") = "02. Employees", "02. Employees\02. Employees.csproj", "{65830C44-E5FD-460D-84AD-B5D358D9ED51}"
EndProject
Project("{FAE04EC0-301F-11D3-BF4B-00C04F79EFBC}") = "03. CSharpCleanCode", "03. CSharpCleanCode\03. CSharpCleanCode.csproj", "{3E4AB1A6-68D9-415C-8800-5D029646F255}"
EndProject
Project("{FAE04EC0-301F-11D3-BF4B-00C04F79EFBC}") = "04. Cooking", "04. Cooking\04. Cooking.csproj", "{18103DB7-0895-49D0-9C3D-D6FF64685F3B}"
EndProject
Project("{FAE04EC0-301F-11D3-BF4B-00C04F79EFBC}") = "05. AirplaneDrinks", "05. AirplaneDrinks\05. AirplaneDrinks.csproj", "{AA640EB5-6256-4ED6-9CFD-0F1C72B88173}"
EndProject
Project("{FAE04EC0-301F-11D3-BF4B-00C04F79EFBC}") = "06. 3DLines", "06. 3DLines\06. 3DLines.csproj", "{254DEC73-8B2D-40C7-B8DC-ED7EF2F5735C}"
EndProject
Global
	GlobalSection(SolutionConfigurationPlatforms) = preSolution
		Debug|Any CPU = Debug|Any CPU
		Release|Any CPU = Release|Any CPU
	EndGlobalSection
	GlobalSection(ProjectConfigurationPlatforms) = postSolution
		{438D62EB-1C25-4762-A556-357F2894A8E7}.Debug|Any CPU.ActiveCfg = Debug|Any CPU
		{438D62EB-1C25-4762-A556-357F2894A8E7}.Debug|Any CPU.Build.0 = Debug|Any CPU
		{438D62EB-1C25-4762-A556-357F2894A8E7}.Release|Any CPU.ActiveCfg = Release|Any CPU
		{438D62EB-1C25-4762-A556-357F2894A8E7}.Release|Any CPU.Build.0 = Release|Any CPU
		{65830C44-E5FD-460D-84AD-B5D358D9ED51}.Debug|Any CPU.ActiveCfg = Debug|Any CPU
		{65830C44-E5FD-460D-84AD-B5D358D9ED51}.Debug|Any CPU.Build.0 = Debug|Any CPU
		{65830C44-E5FD-460D-84AD-B5D358D9ED51}.Release|Any CPU.ActiveCfg = Release|Any CPU
		{65830C44-E5FD-460D-84AD-B5D358D9ED51}.Release|Any CPU.Build.0 = Release|Any CPU
		{3E4AB1A6-68D9-415C-8800-5D029646F255}.Debug|Any CPU.ActiveCfg = Debug|Any CPU
		{3E4AB1A6-68D9-415C-8800-5D029646F255}.Debug|Any CPU.Build.0 = Debug|Any CPU
		{3E4AB1A6-68D9-415C-8800-5D029646F255}.Release|Any CPU.ActiveCfg = Release|Any CPU
		{3E4AB1A6-68D9-415C-8800-5D029646F255}.Release|Any CPU.Build.0 = Release|Any CPU
		{18103DB7-0895-49D0-9C3D-D6FF64685F3B}.Debug|Any CPU.ActiveCfg = Debug|Any CPU
		{18103DB7-0895-49D0-9C3D-D6FF64685F3B}.Debug|Any CPU.Build.0 = Debug|Any CPU
		{18103DB7-0895-49D0-9C3D-D6FF64685F3B}.Release|Any CPU.ActiveCfg = Release|Any CPU
		{18103DB7-0895-49D0-9C3D-D6FF64685F3B}.Release|Any CPU.Build.0 = Release|Any CPU
		{AA640EB5-6256-4ED6-9CFD-0F1C72B88173}.Debug|Any CPU.ActiveCfg = Debug|Any CPU
		{AA640EB5-6256-4ED6-9CFD-0F1C72B88173}.Debug|Any CPU.Build.0 = Debug|Any CPU
		{AA640EB5-6256-4ED6-9CFD-0F1C72B88173}.Release|Any CPU.ActiveCfg = Release|Any CPU
		{AA640EB5-6256-4ED6-9CFD-0F1C72B88173}.Release|Any CPU.Build.0 = Release|Any CPU
		{254DEC73-8B2D-40C7-B8DC-ED7EF2F5735C}.Debug|Any CPU.ActiveCfg = Debug|Any CPU
		{254DEC73-8B2D-40C7-B8DC-ED7EF2F5735C}.Debug|Any CPU.Build.0 = Debug|Any CPU
		{254DEC73-8B2D-40C7-B8DC-ED7EF2F5735C}.Release|Any CPU.ActiveCfg = Release|Any CPU
		{254DEC73-8B2D-40C7-B8DC-ED7EF2F5735C}.Release|Any CPU.Build.0 = Release|Any CPU
	EndGlobalSection
	GlobalSection(SolutionProperties) = preSolution
		HideSolutionNode = FALSE
	EndGlobalSection
EndGlobal
